
Microsoft Visual Studio Solution File, Format Version 12.00
# Visual Studio Version 17
VisualStudioVersion = 17.4.33213.308
MinimumVisualStudioVersion = 10.0.40219.1
Project("{FAE04EC0-301F-11D3-BF4B-00C04F79EFBC}") = "GitHubTest.Lib", "GitHubTest.Lib\GitHubTest.Lib.csproj", "{12B7783B-5042-4BF9-9025-D5D22DE7A2D5}"
EndProject
Project("{FAE04EC0-301F-11D3-BF4B-00C04F79EFBC}") = "GitHubTest.Web", "GitHubTest.Web\GitHubTest.Web.csproj", "{A6CEE11D-483F-4CA2-A1A3-CA7D44E7A0F1}"
EndProject
Project("{FAE04EC0-301F-11D3-BF4B-00C04F79EFBC}") = "GitHubTest.Tests", "GitHubTest.Tests\GitHubTest.Tests.csproj", "{D8E41E4C-B086-4FAF-A153-22EBE1CC10E6}"
EndProject
Global
	GlobalSection(SolutionConfigurationPlatforms) = preSolution
		Debug|Any CPU = Debug|Any CPU
		Release|Any CPU = Release|Any CPU
	EndGlobalSection
	GlobalSection(ProjectConfigurationPlatforms) = postSolution
		{12B7783B-5042-4BF9-9025-D5D22DE7A2D5}.Debug|Any CPU.ActiveCfg = Debug|Any CPU
		{12B7783B-5042-4BF9-9025-D5D22DE7A2D5}.Debug|Any CPU.Build.0 = Debug|Any CPU
		{12B7783B-5042-4BF9-9025-D5D22DE7A2D5}.Release|Any CPU.ActiveCfg = Release|Any CPU
		{12B7783B-5042-4BF9-9025-D5D22DE7A2D5}.Release|Any CPU.Build.0 = Release|Any CPU
		{A6CEE11D-483F-4CA2-A1A3-CA7D44E7A0F1}.Debug|Any CPU.ActiveCfg = Debug|Any CPU
		{A6CEE11D-483F-4CA2-A1A3-CA7D44E7A0F1}.Debug|Any CPU.Build.0 = Debug|Any CPU
		{A6CEE11D-483F-4CA2-A1A3-CA7D44E7A0F1}.Release|Any CPU.ActiveCfg = Release|Any CPU
		{A6CEE11D-483F-4CA2-A1A3-CA7D44E7A0F1}.Release|Any CPU.Build.0 = Release|Any CPU
		{D8E41E4C-B086-4FAF-A153-22EBE1CC10E6}.Debug|Any CPU.ActiveCfg = Debug|Any CPU
		{D8E41E4C-B086-4FAF-A153-22EBE1CC10E6}.Debug|Any CPU.Build.0 = Debug|Any CPU
		{D8E41E4C-B086-4FAF-A153-22EBE1CC10E6}.Release|Any CPU.ActiveCfg = Release|Any CPU
		{D8E41E4C-B086-4FAF-A153-22EBE1CC10E6}.Release|Any CPU.Build.0 = Release|Any CPU
	EndGlobalSection
	GlobalSection(SolutionProperties) = preSolution
		HideSolutionNode = FALSE
	EndGlobalSection
	GlobalSection(ExtensibilityGlobals) = postSolution
		SolutionGuid = {DE063E70-485E-4D11-A86A-55E521A9A874}
	EndGlobalSection
EndGlobal
